
Microsoft Visual Studio Solution File, Format Version 12.00
# Visual Studio Version 17
VisualStudioVersion = 17.3.32922.545
MinimumVisualStudioVersion = 10.0.40219.1
Project("{FAE04EC0-301F-11D3-BF4B-00C04F79EFBC}") = "SenaiTeste", "SenaiTeste\SenaiTeste.csproj", "{6425C8F8-7211-4975-8070-B48466488490}"
EndProject
Project("{FAE04EC0-301F-11D3-BF4B-00C04F79EFBC}") = "MsTest", "MsTest\MsTest.csproj", "{52FDD81D-7548-4A9C-BAAE-919633EBCA12}"
EndProject
Project("{FAE04EC0-301F-11D3-BF4B-00C04F79EFBC}") = "TestexUnit", "TestexUnit\TestexUnit.csproj", "{EA4526BC-E69B-44E6-A8C1-D836BBAEB6BB}"
EndProject
Global
	GlobalSection(SolutionConfigurationPlatforms) = preSolution
		Debug|Any CPU = Debug|Any CPU
		Release|Any CPU = Release|Any CPU
	EndGlobalSection
	GlobalSection(ProjectConfigurationPlatforms) = postSolution
		{6425C8F8-7211-4975-8070-B48466488490}.Debug|Any CPU.ActiveCfg = Debug|Any CPU
		{6425C8F8-7211-4975-8070-B48466488490}.Debug|Any CPU.Build.0 = Debug|Any CPU
		{6425C8F8-7211-4975-8070-B48466488490}.Release|Any CPU.ActiveCfg = Release|Any CPU
		{6425C8F8-7211-4975-8070-B48466488490}.Release|Any CPU.Build.0 = Release|Any CPU
		{52FDD81D-7548-4A9C-BAAE-919633EBCA12}.Debug|Any CPU.ActiveCfg = Debug|Any CPU
		{52FDD81D-7548-4A9C-BAAE-919633EBCA12}.Debug|Any CPU.Build.0 = Debug|Any CPU
		{52FDD81D-7548-4A9C-BAAE-919633EBCA12}.Release|Any CPU.ActiveCfg = Release|Any CPU
		{52FDD81D-7548-4A9C-BAAE-919633EBCA12}.Release|Any CPU.Build.0 = Release|Any CPU
		{EA4526BC-E69B-44E6-A8C1-D836BBAEB6BB}.Debug|Any CPU.ActiveCfg = Debug|Any CPU
		{EA4526BC-E69B-44E6-A8C1-D836BBAEB6BB}.Debug|Any CPU.Build.0 = Debug|Any CPU
		{EA4526BC-E69B-44E6-A8C1-D836BBAEB6BB}.Release|Any CPU.ActiveCfg = Release|Any CPU
		{EA4526BC-E69B-44E6-A8C1-D836BBAEB6BB}.Release|Any CPU.Build.0 = Release|Any CPU
	EndGlobalSection
	GlobalSection(SolutionProperties) = preSolution
		HideSolutionNode = FALSE
	EndGlobalSection
	GlobalSection(ExtensibilityGlobals) = postSolution
		SolutionGuid = {B0B91905-1C2B-4363-B80D-A59EBCFF47DA}
	EndGlobalSection
EndGlobal
